
Microsoft Visual Studio Solution File, Format Version 12.00
# Visual Studio 15
VisualStudioVersion = 15.0.28307.168
MinimumVisualStudioVersion = 10.0.40219.1
Project("{FAE04EC0-301F-11D3-BF4B-00C04F79EFBC}") = "Consumo", "Consumo\Consumo.csproj", "{481E4490-50F3-45D6-BA78-0E03DA5B9437}"
EndProject
Global
	GlobalSection(SolutionConfigurationPlatforms) = preSolution
		Debug|Any CPU = Debug|Any CPU
		Release|Any CPU = Release|Any CPU
	EndGlobalSection
	GlobalSection(ProjectConfigurationPlatforms) = postSolution
		{481E4490-50F3-45D6-BA78-0E03DA5B9437}.Debug|Any CPU.ActiveCfg = Debug|Any CPU
		{481E4490-50F3-45D6-BA78-0E03DA5B9437}.Debug|Any CPU.Build.0 = Debug|Any CPU
		{481E4490-50F3-45D6-BA78-0E03DA5B9437}.Release|Any CPU.ActiveCfg = Release|Any CPU
		{481E4490-50F3-45D6-BA78-0E03DA5B9437}.Release|Any CPU.Build.0 = Release|Any CPU
	EndGlobalSection
	GlobalSection(SolutionProperties) = preSolution
		HideSolutionNode = FALSE
	EndGlobalSection
	GlobalSection(ExtensibilityGlobals) = postSolution
		SolutionGuid = {14878B62-426B-49C5-B3D8-7C01AFFF50A4}
	EndGlobalSection
EndGlobal
