
Microsoft Visual Studio Solution File, Format Version 12.00
# Visual Studio 15
VisualStudioVersion = 15.0.28307.168
MinimumVisualStudioVersion = 10.0.40219.1
Project("{FAE04EC0-301F-11D3-BF4B-00C04F79EFBC}") = "Vetor_Lucro_Mercadoria", "Vetor_Lucro_Mercadoria\Vetor_Lucro_Mercadoria.csproj", "{B20E611A-4975-43DD-801F-06AAF24FE4EF}"
EndProject
Global
	GlobalSection(SolutionConfigurationPlatforms) = preSolution
		Debug|Any CPU = Debug|Any CPU
		Release|Any CPU = Release|Any CPU
	EndGlobalSection
	GlobalSection(ProjectConfigurationPlatforms) = postSolution
		{B20E611A-4975-43DD-801F-06AAF24FE4EF}.Debug|Any CPU.ActiveCfg = Debug|Any CPU
		{B20E611A-4975-43DD-801F-06AAF24FE4EF}.Debug|Any CPU.Build.0 = Debug|Any CPU
		{B20E611A-4975-43DD-801F-06AAF24FE4EF}.Release|Any CPU.ActiveCfg = Release|Any CPU
		{B20E611A-4975-43DD-801F-06AAF24FE4EF}.Release|Any CPU.Build.0 = Release|Any CPU
	EndGlobalSection
	GlobalSection(SolutionProperties) = preSolution
		HideSolutionNode = FALSE
	EndGlobalSection
	GlobalSection(ExtensibilityGlobals) = postSolution
		SolutionGuid = {14F13359-6B7B-4426-900B-20EF6ED52EF5}
	EndGlobalSection
EndGlobal
