
Microsoft Visual Studio Solution File, Format Version 12.00
# Visual Studio 15
VisualStudioVersion = 15.0.28307.168
MinimumVisualStudioVersion = 10.0.40219.1
Project("{FAE04EC0-301F-11D3-BF4B-00C04F79EFBC}") = "Vetor_Numeros_Negativos", "Vetor_Numeros_Negativos\Vetor_Numeros_Negativos.csproj", "{D374C231-3F62-41AD-BBF0-5EC011D27CE2}"
EndProject
Global
	GlobalSection(SolutionConfigurationPlatforms) = preSolution
		Debug|Any CPU = Debug|Any CPU
		Release|Any CPU = Release|Any CPU
	EndGlobalSection
	GlobalSection(ProjectConfigurationPlatforms) = postSolution
		{D374C231-3F62-41AD-BBF0-5EC011D27CE2}.Debug|Any CPU.ActiveCfg = Debug|Any CPU
		{D374C231-3F62-41AD-BBF0-5EC011D27CE2}.Debug|Any CPU.Build.0 = Debug|Any CPU
		{D374C231-3F62-41AD-BBF0-5EC011D27CE2}.Release|Any CPU.ActiveCfg = Release|Any CPU
		{D374C231-3F62-41AD-BBF0-5EC011D27CE2}.Release|Any CPU.Build.0 = Release|Any CPU
	EndGlobalSection
	GlobalSection(SolutionProperties) = preSolution
		HideSolutionNode = FALSE
	EndGlobalSection
	GlobalSection(ExtensibilityGlobals) = postSolution
		SolutionGuid = {B04C7E7F-CEB0-4361-AB58-1C69AFF8374F}
	EndGlobalSection
EndGlobal
