
Microsoft Visual Studio Solution File, Format Version 12.00
# Visual Studio 15
VisualStudioVersion = 15.0.28307.168
MinimumVisualStudioVersion = 10.0.40219.1
Project("{FAE04EC0-301F-11D3-BF4B-00C04F79EFBC}") = "DDD", "DDD\DDD.csproj", "{469D7A39-9299-46D4-B3B5-B8EC1BE97A77}"
EndProject
Global
	GlobalSection(SolutionConfigurationPlatforms) = preSolution
		Debug|Any CPU = Debug|Any CPU
		Release|Any CPU = Release|Any CPU
	EndGlobalSection
	GlobalSection(ProjectConfigurationPlatforms) = postSolution
		{469D7A39-9299-46D4-B3B5-B8EC1BE97A77}.Debug|Any CPU.ActiveCfg = Debug|Any CPU
		{469D7A39-9299-46D4-B3B5-B8EC1BE97A77}.Debug|Any CPU.Build.0 = Debug|Any CPU
		{469D7A39-9299-46D4-B3B5-B8EC1BE97A77}.Release|Any CPU.ActiveCfg = Release|Any CPU
		{469D7A39-9299-46D4-B3B5-B8EC1BE97A77}.Release|Any CPU.Build.0 = Release|Any CPU
	EndGlobalSection
	GlobalSection(SolutionProperties) = preSolution
		HideSolutionNode = FALSE
	EndGlobalSection
	GlobalSection(ExtensibilityGlobals) = postSolution
		SolutionGuid = {4C32CDBC-F6C3-4F94-BF86-6A68C9253C2C}
	EndGlobalSection
EndGlobal
