
Microsoft Visual Studio Solution File, Format Version 12.00
# Visual Studio 15
VisualStudioVersion = 15.0.28307.168
MinimumVisualStudioVersion = 10.0.40219.1
Project("{FAE04EC0-301F-11D3-BF4B-00C04F79EFBC}") = "Vetor_Media_Numeros_Reais", "Vetor_Media_Numeros_Reais\Vetor_Media_Numeros_Reais.csproj", "{E90EAC4D-A48A-4A1E-BC4F-D7F70081AD68}"
EndProject
Global
	GlobalSection(SolutionConfigurationPlatforms) = preSolution
		Debug|Any CPU = Debug|Any CPU
		Release|Any CPU = Release|Any CPU
	EndGlobalSection
	GlobalSection(ProjectConfigurationPlatforms) = postSolution
		{E90EAC4D-A48A-4A1E-BC4F-D7F70081AD68}.Debug|Any CPU.ActiveCfg = Debug|Any CPU
		{E90EAC4D-A48A-4A1E-BC4F-D7F70081AD68}.Debug|Any CPU.Build.0 = Debug|Any CPU
		{E90EAC4D-A48A-4A1E-BC4F-D7F70081AD68}.Release|Any CPU.ActiveCfg = Release|Any CPU
		{E90EAC4D-A48A-4A1E-BC4F-D7F70081AD68}.Release|Any CPU.Build.0 = Release|Any CPU
	EndGlobalSection
	GlobalSection(SolutionProperties) = preSolution
		HideSolutionNode = FALSE
	EndGlobalSection
	GlobalSection(ExtensibilityGlobals) = postSolution
		SolutionGuid = {14B6EF95-AACB-4ADF-9351-97FF3820155C}
	EndGlobalSection
EndGlobal
