
Microsoft Visual Studio Solution File, Format Version 12.00
# Visual Studio 15
VisualStudioVersion = 15.0.28307.168
MinimumVisualStudioVersion = 10.0.40219.1
Project("{FAE04EC0-301F-11D3-BF4B-00C04F79EFBC}") = "For_Contagem_Regressiva", "For_Contagem_Regressiva\For_Contagem_Regressiva.csproj", "{ADCD0360-A516-4F7E-A92A-FAFCD5FB3503}"
EndProject
Global
	GlobalSection(SolutionConfigurationPlatforms) = preSolution
		Debug|Any CPU = Debug|Any CPU
		Release|Any CPU = Release|Any CPU
	EndGlobalSection
	GlobalSection(ProjectConfigurationPlatforms) = postSolution
		{ADCD0360-A516-4F7E-A92A-FAFCD5FB3503}.Debug|Any CPU.ActiveCfg = Debug|Any CPU
		{ADCD0360-A516-4F7E-A92A-FAFCD5FB3503}.Debug|Any CPU.Build.0 = Debug|Any CPU
		{ADCD0360-A516-4F7E-A92A-FAFCD5FB3503}.Release|Any CPU.ActiveCfg = Release|Any CPU
		{ADCD0360-A516-4F7E-A92A-FAFCD5FB3503}.Release|Any CPU.Build.0 = Release|Any CPU
	EndGlobalSection
	GlobalSection(SolutionProperties) = preSolution
		HideSolutionNode = FALSE
	EndGlobalSection
	GlobalSection(ExtensibilityGlobals) = postSolution
		SolutionGuid = {FB5890EF-DB22-4ADD-8A5C-D4E97318ADE6}
	EndGlobalSection
EndGlobal
