
Microsoft Visual Studio Solution File, Format Version 12.00
# Visual Studio 15
VisualStudioVersion = 15.0.28307.168
MinimumVisualStudioVersion = 10.0.40219.1
Project("{FAE04EC0-301F-11D3-BF4B-00C04F79EFBC}") = "Sequencia_Logica_2", "Sequencia_Logica_2\Sequencia_Logica_2.csproj", "{E8AB7CB8-D644-4CD9-A904-8DB5D899B0E3}"
EndProject
Global
	GlobalSection(SolutionConfigurationPlatforms) = preSolution
		Debug|Any CPU = Debug|Any CPU
		Release|Any CPU = Release|Any CPU
	EndGlobalSection
	GlobalSection(ProjectConfigurationPlatforms) = postSolution
		{E8AB7CB8-D644-4CD9-A904-8DB5D899B0E3}.Debug|Any CPU.ActiveCfg = Debug|Any CPU
		{E8AB7CB8-D644-4CD9-A904-8DB5D899B0E3}.Debug|Any CPU.Build.0 = Debug|Any CPU
		{E8AB7CB8-D644-4CD9-A904-8DB5D899B0E3}.Release|Any CPU.ActiveCfg = Release|Any CPU
		{E8AB7CB8-D644-4CD9-A904-8DB5D899B0E3}.Release|Any CPU.Build.0 = Release|Any CPU
	EndGlobalSection
	GlobalSection(SolutionProperties) = preSolution
		HideSolutionNode = FALSE
	EndGlobalSection
	GlobalSection(ExtensibilityGlobals) = postSolution
		SolutionGuid = {56FACBF0-3B80-4C4F-89A0-FA7B90D6FF6A}
	EndGlobalSection
EndGlobal
