
Microsoft Visual Studio Solution File, Format Version 12.00
# Visual Studio 15
VisualStudioVersion = 15.0.28307.168
MinimumVisualStudioVersion = 10.0.40219.1
Project("{FAE04EC0-301F-11D3-BF4B-00C04F79EFBC}") = "Vetor_Maior _Valor", "Vetor_Maior _Valor\Vetor_Maior _Valor.csproj", "{B13FC175-5C81-4236-9F13-791C564668F9}"
EndProject
Global
	GlobalSection(SolutionConfigurationPlatforms) = preSolution
		Debug|Any CPU = Debug|Any CPU
		Release|Any CPU = Release|Any CPU
	EndGlobalSection
	GlobalSection(ProjectConfigurationPlatforms) = postSolution
		{B13FC175-5C81-4236-9F13-791C564668F9}.Debug|Any CPU.ActiveCfg = Debug|Any CPU
		{B13FC175-5C81-4236-9F13-791C564668F9}.Debug|Any CPU.Build.0 = Debug|Any CPU
		{B13FC175-5C81-4236-9F13-791C564668F9}.Release|Any CPU.ActiveCfg = Release|Any CPU
		{B13FC175-5C81-4236-9F13-791C564668F9}.Release|Any CPU.Build.0 = Release|Any CPU
	EndGlobalSection
	GlobalSection(SolutionProperties) = preSolution
		HideSolutionNode = FALSE
	EndGlobalSection
	GlobalSection(ExtensibilityGlobals) = postSolution
		SolutionGuid = {133A47F7-F2D3-4EB9-93C5-0F359E59BCDC}
	EndGlobalSection
EndGlobal
