
Microsoft Visual Studio Solution File, Format Version 12.00
# Visual Studio 15
VisualStudioVersion = 15.0.28307.168
MinimumVisualStudioVersion = 10.0.40219.1
Project("{FAE04EC0-301F-11D3-BF4B-00C04F79EFBC}") = "NotaseMoedas", "NotaseMoedas\NotaseMoedas.csproj", "{C9AC917C-DE87-4D1D-A965-36DC1861C60F}"
EndProject
Global
	GlobalSection(SolutionConfigurationPlatforms) = preSolution
		Debug|Any CPU = Debug|Any CPU
		Release|Any CPU = Release|Any CPU
	EndGlobalSection
	GlobalSection(ProjectConfigurationPlatforms) = postSolution
		{C9AC917C-DE87-4D1D-A965-36DC1861C60F}.Debug|Any CPU.ActiveCfg = Debug|Any CPU
		{C9AC917C-DE87-4D1D-A965-36DC1861C60F}.Debug|Any CPU.Build.0 = Debug|Any CPU
		{C9AC917C-DE87-4D1D-A965-36DC1861C60F}.Release|Any CPU.ActiveCfg = Release|Any CPU
		{C9AC917C-DE87-4D1D-A965-36DC1861C60F}.Release|Any CPU.Build.0 = Release|Any CPU
	EndGlobalSection
	GlobalSection(SolutionProperties) = preSolution
		HideSolutionNode = FALSE
	EndGlobalSection
	GlobalSection(ExtensibilityGlobals) = postSolution
		SolutionGuid = {CB57B9F1-2D90-479F-82BA-484182DF23B9}
	EndGlobalSection
EndGlobal
