
Microsoft Visual Studio Solution File, Format Version 12.00
# Visual Studio 15
VisualStudioVersion = 15.0.28307.168
MinimumVisualStudioVersion = 10.0.40219.1
Project("{FAE04EC0-301F-11D3-BF4B-00C04F79EFBC}") = "Soma_de_Impares_Consecutivos_2", "Soma_de_Impares_Consecutivos_2\Soma_de_Impares_Consecutivos_2.csproj", "{597A9C05-54D8-445F-984D-A7B683A26AC1}"
EndProject
Global
	GlobalSection(SolutionConfigurationPlatforms) = preSolution
		Debug|Any CPU = Debug|Any CPU
		Release|Any CPU = Release|Any CPU
	EndGlobalSection
	GlobalSection(ProjectConfigurationPlatforms) = postSolution
		{597A9C05-54D8-445F-984D-A7B683A26AC1}.Debug|Any CPU.ActiveCfg = Debug|Any CPU
		{597A9C05-54D8-445F-984D-A7B683A26AC1}.Debug|Any CPU.Build.0 = Debug|Any CPU
		{597A9C05-54D8-445F-984D-A7B683A26AC1}.Release|Any CPU.ActiveCfg = Release|Any CPU
		{597A9C05-54D8-445F-984D-A7B683A26AC1}.Release|Any CPU.Build.0 = Release|Any CPU
	EndGlobalSection
	GlobalSection(SolutionProperties) = preSolution
		HideSolutionNode = FALSE
	EndGlobalSection
	GlobalSection(ExtensibilityGlobals) = postSolution
		SolutionGuid = {2EB207B0-75E9-4892-8125-4BCAAE73B887}
	EndGlobalSection
EndGlobal
