
Microsoft Visual Studio Solution File, Format Version 12.00
# Visual Studio 15
VisualStudioVersion = 15.0.28307.168
MinimumVisualStudioVersion = 10.0.40219.1
Project("{FAE04EC0-301F-11D3-BF4B-00C04F79EFBC}") = "Equa2Grau", "Equa2Grau\Equa2Grau.csproj", "{56F6450B-9B1C-46D0-9671-E3DF574E2848}"
EndProject
Global
	GlobalSection(SolutionConfigurationPlatforms) = preSolution
		Debug|Any CPU = Debug|Any CPU
		Release|Any CPU = Release|Any CPU
	EndGlobalSection
	GlobalSection(ProjectConfigurationPlatforms) = postSolution
		{56F6450B-9B1C-46D0-9671-E3DF574E2848}.Debug|Any CPU.ActiveCfg = Debug|Any CPU
		{56F6450B-9B1C-46D0-9671-E3DF574E2848}.Debug|Any CPU.Build.0 = Debug|Any CPU
		{56F6450B-9B1C-46D0-9671-E3DF574E2848}.Release|Any CPU.ActiveCfg = Release|Any CPU
		{56F6450B-9B1C-46D0-9671-E3DF574E2848}.Release|Any CPU.Build.0 = Release|Any CPU
	EndGlobalSection
	GlobalSection(SolutionProperties) = preSolution
		HideSolutionNode = FALSE
	EndGlobalSection
	GlobalSection(ExtensibilityGlobals) = postSolution
		SolutionGuid = {E0B057CA-AEF1-40C4-8CCD-6DD4FD9777DF}
	EndGlobalSection
EndGlobal
