
Microsoft Visual Studio Solution File, Format Version 12.00
# Visual Studio 15
VisualStudioVersion = 15.0.28307.168
MinimumVisualStudioVersion = 10.0.40219.1
Project("{FAE04EC0-301F-11D3-BF4B-00C04F79EFBC}") = "Raiz_Exer", "Raiz_Exer\Raiz_Exer.csproj", "{91A561EB-99DF-480B-B169-1420870AE820}"
EndProject
Global
	GlobalSection(SolutionConfigurationPlatforms) = preSolution
		Debug|Any CPU = Debug|Any CPU
		Release|Any CPU = Release|Any CPU
	EndGlobalSection
	GlobalSection(ProjectConfigurationPlatforms) = postSolution
		{91A561EB-99DF-480B-B169-1420870AE820}.Debug|Any CPU.ActiveCfg = Debug|Any CPU
		{91A561EB-99DF-480B-B169-1420870AE820}.Debug|Any CPU.Build.0 = Debug|Any CPU
		{91A561EB-99DF-480B-B169-1420870AE820}.Release|Any CPU.ActiveCfg = Release|Any CPU
		{91A561EB-99DF-480B-B169-1420870AE820}.Release|Any CPU.Build.0 = Release|Any CPU
	EndGlobalSection
	GlobalSection(SolutionProperties) = preSolution
		HideSolutionNode = FALSE
	EndGlobalSection
	GlobalSection(ExtensibilityGlobals) = postSolution
		SolutionGuid = {85F67074-3210-4D0A-A628-3728CBA56F68}
	EndGlobalSection
EndGlobal
