
Microsoft Visual Studio Solution File, Format Version 12.00
# Visual Studio 15
VisualStudioVersion = 15.0.28307.168
MinimumVisualStudioVersion = 10.0.40219.1
Project("{FAE04EC0-301F-11D3-BF4B-00C04F79EFBC}") = "IF_Teste", "IF_Teste\IF_Teste.csproj", "{09C2BF88-D14C-4FF7-826F-60BA54FCA397}"
EndProject
Global
	GlobalSection(SolutionConfigurationPlatforms) = preSolution
		Debug|Any CPU = Debug|Any CPU
		Release|Any CPU = Release|Any CPU
	EndGlobalSection
	GlobalSection(ProjectConfigurationPlatforms) = postSolution
		{09C2BF88-D14C-4FF7-826F-60BA54FCA397}.Debug|Any CPU.ActiveCfg = Debug|Any CPU
		{09C2BF88-D14C-4FF7-826F-60BA54FCA397}.Debug|Any CPU.Build.0 = Debug|Any CPU
		{09C2BF88-D14C-4FF7-826F-60BA54FCA397}.Release|Any CPU.ActiveCfg = Release|Any CPU
		{09C2BF88-D14C-4FF7-826F-60BA54FCA397}.Release|Any CPU.Build.0 = Release|Any CPU
	EndGlobalSection
	GlobalSection(SolutionProperties) = preSolution
		HideSolutionNode = FALSE
	EndGlobalSection
	GlobalSection(ExtensibilityGlobals) = postSolution
		SolutionGuid = {F4A924FA-240B-4981-B1A5-8C7EED451675}
	EndGlobalSection
EndGlobal
