
Microsoft Visual Studio Solution File, Format Version 12.00
# Visual Studio 15
VisualStudioVersion = 15.0.28307.168
MinimumVisualStudioVersion = 10.0.40219.1
Project("{FAE04EC0-301F-11D3-BF4B-00C04F79EFBC}") = "ExtremamenteBasico", "..\ExtremamenteBasico\ExtremamenteBasico\ExtremamenteBasico.csproj", "{3A8BA8B6-4597-40B3-843B-0A3A8AF35173}"
EndProject
Global
	GlobalSection(SolutionConfigurationPlatforms) = preSolution
		Debug|Any CPU = Debug|Any CPU
		Release|Any CPU = Release|Any CPU
	EndGlobalSection
	GlobalSection(ProjectConfigurationPlatforms) = postSolution
		{3A8BA8B6-4597-40B3-843B-0A3A8AF35173}.Debug|Any CPU.ActiveCfg = Debug|Any CPU
		{3A8BA8B6-4597-40B3-843B-0A3A8AF35173}.Debug|Any CPU.Build.0 = Debug|Any CPU
		{3A8BA8B6-4597-40B3-843B-0A3A8AF35173}.Release|Any CPU.ActiveCfg = Release|Any CPU
		{3A8BA8B6-4597-40B3-843B-0A3A8AF35173}.Release|Any CPU.Build.0 = Release|Any CPU
	EndGlobalSection
	GlobalSection(SolutionProperties) = preSolution
		HideSolutionNode = FALSE
	EndGlobalSection
	GlobalSection(ExtensibilityGlobals) = postSolution
		SolutionGuid = {87A246AD-C52C-4306-98B0-803FBF3D11D9}
	EndGlobalSection
EndGlobal
