
Microsoft Visual Studio Solution File, Format Version 12.00
# Visual Studio 15
VisualStudioVersion = 15.0.28307.168
MinimumVisualStudioVersion = 10.0.40219.1
Project("{FAE04EC0-301F-11D3-BF4B-00C04F79EFBC}") = "Quadrado_de_ Pares", "Quadrado_de_ Pares\Quadrado_de_ Pares.csproj", "{9CEDA0EB-BFFA-430F-9705-8D8F464230D1}"
EndProject
Global
	GlobalSection(SolutionConfigurationPlatforms) = preSolution
		Debug|Any CPU = Debug|Any CPU
		Release|Any CPU = Release|Any CPU
	EndGlobalSection
	GlobalSection(ProjectConfigurationPlatforms) = postSolution
		{9CEDA0EB-BFFA-430F-9705-8D8F464230D1}.Debug|Any CPU.ActiveCfg = Debug|Any CPU
		{9CEDA0EB-BFFA-430F-9705-8D8F464230D1}.Debug|Any CPU.Build.0 = Debug|Any CPU
		{9CEDA0EB-BFFA-430F-9705-8D8F464230D1}.Release|Any CPU.ActiveCfg = Release|Any CPU
		{9CEDA0EB-BFFA-430F-9705-8D8F464230D1}.Release|Any CPU.Build.0 = Release|Any CPU
	EndGlobalSection
	GlobalSection(SolutionProperties) = preSolution
		HideSolutionNode = FALSE
	EndGlobalSection
	GlobalSection(ExtensibilityGlobals) = postSolution
		SolutionGuid = {CFB71534-6E54-4E64-AF97-8DB995C2B9F2}
	EndGlobalSection
EndGlobal
