
Microsoft Visual Studio Solution File, Format Version 12.00
# Visual Studio 15
VisualStudioVersion = 15.0.28307.168
MinimumVisualStudioVersion = 10.0.40219.1
Project("{FAE04EC0-301F-11D3-BF4B-00C04F79EFBC}") = "Vetor_Media_Pare", "Vetor_Media_Pare\Vetor_Media_Pare.csproj", "{FF8C19A4-C47E-4315-939D-F6F3076276FB}"
EndProject
Global
	GlobalSection(SolutionConfigurationPlatforms) = preSolution
		Debug|Any CPU = Debug|Any CPU
		Release|Any CPU = Release|Any CPU
	EndGlobalSection
	GlobalSection(ProjectConfigurationPlatforms) = postSolution
		{FF8C19A4-C47E-4315-939D-F6F3076276FB}.Debug|Any CPU.ActiveCfg = Debug|Any CPU
		{FF8C19A4-C47E-4315-939D-F6F3076276FB}.Debug|Any CPU.Build.0 = Debug|Any CPU
		{FF8C19A4-C47E-4315-939D-F6F3076276FB}.Release|Any CPU.ActiveCfg = Release|Any CPU
		{FF8C19A4-C47E-4315-939D-F6F3076276FB}.Release|Any CPU.Build.0 = Release|Any CPU
	EndGlobalSection
	GlobalSection(SolutionProperties) = preSolution
		HideSolutionNode = FALSE
	EndGlobalSection
	GlobalSection(ExtensibilityGlobals) = postSolution
		SolutionGuid = {2ABF4E7D-2364-4CAE-9B70-77B9ACE87758}
	EndGlobalSection
EndGlobal
