
Microsoft Visual Studio Solution File, Format Version 12.00
# Visual Studio 15
VisualStudioVersion = 15.0.28307.168
MinimumVisualStudioVersion = 10.0.40219.1
Project("{FAE04EC0-301F-11D3-BF4B-00C04F79EFBC}") = "CalculoSimples", "CalculoSimples\CalculoSimples.csproj", "{0BCDB06B-37DA-4897-AC21-666BF2DC2C3B}"
EndProject
Global
	GlobalSection(SolutionConfigurationPlatforms) = preSolution
		Debug|Any CPU = Debug|Any CPU
		Release|Any CPU = Release|Any CPU
	EndGlobalSection
	GlobalSection(ProjectConfigurationPlatforms) = postSolution
		{0BCDB06B-37DA-4897-AC21-666BF2DC2C3B}.Debug|Any CPU.ActiveCfg = Debug|Any CPU
		{0BCDB06B-37DA-4897-AC21-666BF2DC2C3B}.Debug|Any CPU.Build.0 = Debug|Any CPU
		{0BCDB06B-37DA-4897-AC21-666BF2DC2C3B}.Release|Any CPU.ActiveCfg = Release|Any CPU
		{0BCDB06B-37DA-4897-AC21-666BF2DC2C3B}.Release|Any CPU.Build.0 = Release|Any CPU
	EndGlobalSection
	GlobalSection(SolutionProperties) = preSolution
		HideSolutionNode = FALSE
	EndGlobalSection
	GlobalSection(ExtensibilityGlobals) = postSolution
		SolutionGuid = {95C95AF0-6729-4E57-A6E8-02D31338D1B5}
	EndGlobalSection
EndGlobal
