
Microsoft Visual Studio Solution File, Format Version 12.00
# Visual Studio 15
VisualStudioVersion = 15.0.28307.168
MinimumVisualStudioVersion = 10.0.40219.1
Project("{FAE04EC0-301F-11D3-BF4B-00C04F79EFBC}") = "Vetor_Soma_e_Media", "Vetor_Soma_e_Media\Vetor_Soma_e_Media.csproj", "{306DD787-41A2-44FE-95B6-F8E904FC4AA5}"
EndProject
Global
	GlobalSection(SolutionConfigurationPlatforms) = preSolution
		Debug|Any CPU = Debug|Any CPU
		Release|Any CPU = Release|Any CPU
	EndGlobalSection
	GlobalSection(ProjectConfigurationPlatforms) = postSolution
		{306DD787-41A2-44FE-95B6-F8E904FC4AA5}.Debug|Any CPU.ActiveCfg = Debug|Any CPU
		{306DD787-41A2-44FE-95B6-F8E904FC4AA5}.Debug|Any CPU.Build.0 = Debug|Any CPU
		{306DD787-41A2-44FE-95B6-F8E904FC4AA5}.Release|Any CPU.ActiveCfg = Release|Any CPU
		{306DD787-41A2-44FE-95B6-F8E904FC4AA5}.Release|Any CPU.Build.0 = Release|Any CPU
	EndGlobalSection
	GlobalSection(SolutionProperties) = preSolution
		HideSolutionNode = FALSE
	EndGlobalSection
	GlobalSection(ExtensibilityGlobals) = postSolution
		SolutionGuid = {A26C19FE-8A71-4365-A9D6-37F79F8E2C46}
	EndGlobalSection
EndGlobal
